// !$*UTF8*$!
{
	archiveVersion = 1;
	classes = {
	};
	objectVersion = 48;
	objects = {

/* Begin PBXBuildFile section */
		D3028C801FFE48DE000F6263 /* AppDelegate.swift in Sources */ = {isa = PBXBuildFile; fileRef = D3028C7F1FFE48DE000F6263 /* AppDelegate.swift */; };
		D3028C821FFE48DE000F6263 /* ViewController.swift in Sources */ = {isa = PBXBuildFile; fileRef = D3028C811FFE48DE000F6263 /* ViewController.swift */; };
		D3028C851FFE48DE000F6263 /* Main.storyboard in Resources */ = {isa = PBXBuildFile; fileRef = D3028C831FFE48DE000F6263 /* Main.storyboard */; };
		D3028C871FFE48DE000F6263 /* Assets.xcassets in Resources */ = {isa = PBXBuildFile; fileRef = D3028C861FFE48DE000F6263 /* Assets.xcassets */; };
		D3028C8A1FFE48DE000F6263 /* LaunchScreen.storyboard in Resources */ = {isa = PBXBuildFile; fileRef = D3028C881FFE48DE000F6263 /* LaunchScreen.storyboard */; };
		D3028C921FFE4CDF000F6263 /* TestingView.swift in Sources */ = {isa = PBXBuildFile; fileRef = D3028C911FFE4CDF000F6263 /* TestingView.swift */; };
		D3028C941FFE4DBD000F6263 /* TestingView.xib in Resources */ = {isa = PBXBuildFile; fileRef = D3028C931FFE4DBD000F6263 /* TestingView.xib */; };
/* End PBXBuildFile section */

/* Begin PBXFileReference section */
		D3028C7C1FFE48DE000F6263 /* ScrollViewChange-PoC.app */ = {isa = PBXFileReference; explicitFileType = wrapper.application; includeInIndex = 0; path = "ScrollViewChange-PoC.app"; sourceTree = BUILT_PRODUCTS_DIR; };
		D3028C7F1FFE48DE000F6263 /* AppDelegate.swift */ = {isa = PBXFileReference; lastKnownFileType = sourcecode.swift; path = AppDelegate.swift; sourceTree = "<group>"; };
		D3028C811FFE48DE000F6263 /* ViewController.swift */ = {isa = PBXFileReference; lastKnownFileType = sourcecode.swift; path = ViewController.swift; sourceTree = "<group>"; };
		D3028C841FFE48DE000F6263 /* Base */ = {isa = PBXFileReference; lastKnownFileType = file.storyboard; name = Base; path = Base.lproj/Main.storyboard; sourceTree = "<group>"; };
		D3028C861FFE48DE000F6263 /* Assets.xcassets */ = {isa = PBXFileReference; lastKnownFileType = folder.assetcatalog; path = Assets.xcassets; sourceTree = "<group>"; };
		D3028C891FFE48DE000F6263 /* Base */ = {isa = PBXFileReference; lastKnownFileType = file.storyboard; name = Base; path = Base.lproj/LaunchScreen.storyboard; sourceTree = "<group>"; };
		D3028C8B1FFE48DE000F6263 /* Info.plist */ = {isa = PBXFileReference; lastKnownFileType = text.plist.xml; path = Info.plist; sourceTree = "<group>"; };
		D3028C911FFE4CDF000F6263 /* TestingView.swift */ = {isa = PBXFileReference; lastKnownFileType = sourcecode.swift; path = TestingView.swift; sourceTree = "<group>"; };
		D3028C931FFE4DBD000F6263 /* TestingView.xib */ = {isa = PBXFileReference; lastKnownFileType = file.xib; path = TestingView.xib; sourceTree = "<group>"; };
/* End PBXFileReference section */

/* Begin PBXFrameworksBuildPhase section */
		D3028C791FFE48DE000F6263 /* Frameworks */ = {
			isa = PBXFrameworksBuildPhase;
			buildActionMask = 2147483647;
			files = (
			);
			runOnlyForDeploymentPostprocessing = 0;
		};
/* End PBXFrameworksBuildPhase section */

/* Begin PBXGroup section */
		D3028C731FFE48DE000F6263 = {
			isa = PBXGroup;
			children = (
				D3028C7E1FFE48DE000F6263 /* ScrollViewChange-PoC */,
				D3028C7D1FFE48DE000F6263 /* Products */,
			);
			sourceTree = "<group>";
		};
		D3028C7D1FFE48DE000F6263 /* Products */ = {
			isa = PBXGroup;
			children = (
				D3028C7C1FFE48DE000F6263 /* ScrollViewChange-PoC.app */,
			);
			name = Products;
			sourceTree = "<group>";
		};
		D3028C7E1FFE48DE000F6263 /* ScrollViewChange-PoC */ = {
			isa = PBXGroup;
			children = (
				D3028C7F1FFE48DE000F6263 /* AppDelegate.swift */,
				D3028C911FFE4CDF000F6263 /* TestingView.swift */,
				D3028C931FFE4DBD000F6263 /* TestingView.xib */,
				D3028C811FFE48DE000F6263 /* ViewController.swift */,
				D3028C831FFE48DE000F6263 /* Main.storyboard */,
				D3028C861FFE48DE000F6263 /* Assets.xcassets */,
				D3028C881FFE48DE000F6263 /* LaunchScreen.storyboard */,
				D3028C8B1FFE48DE000F6263 /* Info.plist */,
			);
			path = "ScrollViewChange-PoC";
			sourceTree = "<group>";
		};
/* End PBXGroup section */

/* Begin PBXNativeTarget section */
		D3028C7B1FFE48DE000F6263 /* ScrollViewChange-PoC */ = {
			isa = PBXNativeTarget;
			buildConfigurationList = D3028C8E1FFE48DE000F6263 /* Build configuration list for PBXNativeTarget "ScrollViewChange-PoC" */;
			buildPhases = (
				D3028C781FFE48DE000F6263 /* Sources */,
				D3028C791FFE48DE000F6263 /* Frameworks */,
				D3028C7A1FFE48DE000F6263 /* Resources */,
			);
			buildRules = (
			);
			dependencies = (
			);
			name = "ScrollViewChange-PoC";
			productName = "ScrollViewChange-PoC";
			productReference = D3028C7C1FFE48DE000F6263 /* ScrollViewChange-PoC.app */;
			productType = "com.apple.product-type.application";
		};
/* End PBXNativeTarget section */

/* Begin PBXProject section */
		D3028C741FFE48DE000F6263 /* Project object */ = {
			isa = PBXProject;
			attributes = {
				LastSwiftUpdateCheck = 0920;
				LastUpgradeCheck = 0920;
				ORGANIZATIONNAME = "Aditya Vikram Godawat";
				TargetAttributes = {
					D3028C7B1FFE48DE000F6263 = {
						CreatedOnToolsVersion = 9.2;
						ProvisioningStyle = Automatic;
					};
				};
			};
			buildConfigurationList = D3028C771FFE48DE000F6263 /* Build configuration list for PBXProject "ScrollViewChange-PoC" */;
			compatibilityVersion = "Xcode 8.0";
			developmentRegion = en;
			hasScannedForEncodings = 0;
			knownRegions = (
				en,
				Base,
			);
			mainGroup = D3028C731FFE48DE000F6263;
			productRefGroup = D3028C7D1FFE48DE000F6263 /* Products */;
			projectDirPath = "";
			projectRoot = "";
			targets = (
				D3028C7B1FFE48DE000F6263 /* ScrollViewChange-PoC */,
			);
		};
/* End PBXProject section */

/* Begin PBXResourcesBuildPhase section */
		D3028C7A1FFE48DE000F6263 /* Resources */ = {
			isa = PBXResourcesBuildPhase;
			buildActionMask = 2147483647;
			files = (
				D3028C8A1FFE48DE000F6263 /* LaunchScreen.storyboard in Resources */,
				D3028C941FFE4DBD000F6263 /* TestingView.xib in Resources */,
				D3028C871FFE48DE000F6263 /* Assets.xcassets in Resources */,
				D3028C851FFE48DE000F6263 /* Main.storyboard in Resources */,
			);
			runOnlyForDeploymentPostprocessing = 0;
		};
/* End PBXResourcesBuildPhase section */

/* Begin PBXSourcesBuildPhase section */
		D3028C781FFE48DE000F6263 /* Sources */ = {
			isa = PBXSourcesBuildPhase;
			buildActionMask = 2147483647;
			files = (
				D3028C821FFE48DE000F6263 /* ViewController.swift in Sources */,
				D3028C801FFE48DE000F6263 /* AppDelegate.swift in Sources */,
				D3028C921FFE4CDF000F6263 /* TestingView.swift in Sources */,
			);
			runOnlyForDeploymentPostprocessing = 0;
		};
/* End PBXSourcesBuildPhase section */

/* Begin PBXVariantGroup section */
		D3028C831FFE48DE000F6263 /* Main.storyboard */ = {
			isa = PBXVariantGroup;
			children = (
				D3028C841FFE48DE000F6263 /* Base */,
			);
			name = Main.storyboard;
			sourceTree = "<group>";
		};
		D3028C881FFE48DE000F6263 /* LaunchScreen.storyboard */ = {
			isa = PBXVariantGroup;
			children = (
				D3028C891FFE48DE000F6263 /* Base */,
			);
			name = LaunchScreen.storyboard;
			sourceTree = "<group>";
		};
/* End PBXVariantGroup section */

/* Begin XCBuildConfiguration section */
		D3028C8C1FFE48DE000F6263 /* Debug */ = {
			isa = XCBuildConfiguration;
			buildSettings = {
				ALWAYS_SEARCH_USER_PATHS = NO;
				CLANG_ANALYZER_NONNULL = YES;
				CLANG_ANALYZER_NUMBER_OBJECT_CONVERSION = YES_AGGRESSIVE;
				CLANG_CXX_LANGUAGE_STANDARD = "gnu++14";
				CLANG_CXX_LIBRARY = "libc++";
				CLANG_ENABLE_MODULES = YES;
				CLANG_ENABLE_OBJC_ARC = YES;
				CLANG_WARN_BLOCK_CAPTURE_AUTORELEASING = YES;
				CLANG_WARN_BOOL_CONVERSION = YES;
				CLANG_WARN_COMMA = YES;
				CLANG_WARN_CONSTANT_CONVERSION = YES;
				CLANG_WARN_DIRECT_OBJC_ISA_USAGE = YES_ERROR;
				CLANG_WARN_DOCUMENTATION_COMMENTS = YES;
				CLANG_WARN_EMPTY_BODY = YES;
				CLANG_WARN_ENUM_CONVERSION = YES;
				CLANG_WARN_INFINITE_RECURSION = YES;
				CLANG_WARN_INT_CONVERSION = YES;
				CLANG_WARN_NON_LITERAL_NULL_CONVERSION = YES;
				CLANG_WARN_OBJC_LITERAL_CONVERSION = YES;
				CLANG_WARN_OBJC_ROOT_CLASS = YES_ERROR;
				CLANG_WARN_RANGE_LOOP_ANALYSIS = YES;
				CLANG_WARN_STRICT_PROTOTYPES = YES;
				CLANG_WARN_SUSPICIOUS_MOVE = YES;
				CLANG_WARN_UNGUARDED_AVAILABILITY = YES_AGGRESSIVE;
				CLANG_WARN_UNREACHABLE_CODE = YES;
				CLANG_WARN__DUPLICATE_METHOD_MATCH = YES;
				CODE_SIGN_IDENTITY = "iPhone Developer";
				COPY_PHASE_STRIP = NO;
				DEBUG_INFORMATION_FORMAT = dwarf;
				ENABLE_STRICT_OBJC_MSGSEND = YES;
				ENABLE_TESTABILITY = YES;
				GCC_C_LANGUAGE_STANDARD = gnu11;
				GCC_DYNAMIC_NO_PIC = NO;
				GCC_NO_COMMON_BLOCKS = YES;
				GCC_OPTIMIZATION_LEVEL = 0;
				GCC_PREPROCESSOR_DEFINITIONS = (
					"DEBUG=1",
					"$(inherited)",
				);
				GCC_WARN_64_TO_32_BIT_CONVERSION = YES;
				GCC_WARN_ABOUT_RETURN_TYPE = YES_ERROR;
				GCC_WARN_UNDECLARED_SELECTOR = YES;
				GCC_WARN_UNINITIALIZED_AUTOS = YES_AGGRESSIVE;
				GCC_WARN_UNUSED_FUNCTION = YES;
				GCC_WARN_UNUSED_VARIABLE = YES;
				IPHONEOS_DEPLOYMENT_TARGET = 11.2;
				MTL_ENABLE_DEBUG_INFO = YES;
				ONLY_ACTIVE_ARCH = YES;
				SDKROOT = iphoneos;
				SWIFT_ACTIVE_COMPILATION_CONDITIONS = DEBUG;
				SWIFT_OPTIMIZATION_LEVEL = "-Onone";
			};
			name = Debug;
		};
		D3028C8D1FFE48DE000F6263 /* Release */ = {
			isa = XCBuildConfiguration;
			buildSettings = {
				ALWAYS_SEARCH_USER_PATHS = NO;
				CLANG_ANALYZER_NONNULL = YES;
				CLANG_ANALYZER_NUMBER_OBJECT_CONVERSION = YES_AGGRESSIVE;
				CLANG_CXX_LANGUAGE_STANDARD = "gnu++14";
				CLANG_CXX_LIBRARY = "libc++";
				CLANG_ENABLE_MODULES = YES;
				CLANG_ENABLE_OBJC_ARC = YES;
				CLANG_WARN_BLOCK_CAPTURE_AUTORELEASING = YES;
				CLANG_WARN_BOOL_CONVERSION = YES;
				CLANG_WARN_COMMA = YES;
				CLANG_WARN_CONSTANT_CONVERSION = YES;
				CLANG_WARN_DIRECT_OBJC_ISA_USAGE = YES_ERROR;
				CLANG_WARN_DOCUMENTATION_COMMENTS = YES;
				CLANG_WARN_EMPTY_BODY = YES;
				CLANG_WARN_ENUM_CONVERSION = YES;
				CLANG_WARN_INFINITE_RECURSION = YES;
				CLANG_WARN_INT_CONVERSION = YES;
				CLANG_WARN_NON_LITERAL_NULL_CONVERSION = YES;
				CLANG_WARN_OBJC_LITERAL_CONVERSION = YES;
				CLANG_WARN_OBJC_ROOT_CLASS = YES_ERROR;
				CLANG_WARN_RANGE_LOOP_ANALYSIS = YES;
				CLANG_WARN_STRICT_PROTOTYPES = YES;
				CLANG_WARN_SUSPICIOUS_MOVE = YES;
				CLANG_WARN_UNGUARDED_AVAILABILITY = YES_AGGRESSIVE;
				CLANG_WARN_UNREACHABLE_CODE = YES;
				CLANG_WARN__DUPLICATE_METHOD_MATCH = YES;
				CODE_SIGN_IDENTITY = "iPhone Developer";
				COPY_PHASE_STRIP = NO;
				DEBUG_INFORMATION_FORMAT = "dwarf-with-dsym";
				ENABLE_NS_ASSERTIONS = NO;
				ENABLE_STRICT_OBJC_MSGSEND = YES;
				GCC_C_LANGUAGE_STANDARD = gnu11;
				GCC_NO_COMMON_BLOCKS = YES;
				GCC_WARN_64_TO_32_BIT_CONVERSION = YES;
				GCC_WARN_ABOUT_RETURN_TYPE = YES_ERROR;
				GCC_WARN_UNDECLARED_SELECTOR = YES;
				GCC_WARN_UNINITIALIZED_AUTOS = YES_AGGRESSIVE;
				GCC_WARN_UNUSED_FUNCTION = YES;
				GCC_WARN_UNUSED_VARIABLE = YES;
				IPHONEOS_DEPLOYMENT_TARGET = 11.2;
				MTL_ENABLE_DEBUG_INFO = NO;
				SDKROOT = iphoneos;
				SWIFT_OPTIMIZATION_LEVEL = "-Owholemodule";
				VALIDATE_PRODUCT = YES;
			};
			name = Release;
		};
		D3028C8F1FFE48DE000F6263 /* Debug */ = {
			isa = XCBuildConfiguration;
			buildSettings = {
				ASSETCATALOG_COMPILER_APPICON_NAME = AppIcon;
				"CODE_SIGN_IDENTITY[sdk=iphoneos*]" = "iPhone Developer";
				CODE_SIGN_STYLE = Automatic;
				DEVELOPMENT_TEAM = 526ZQGMLUA;
				INFOPLIST_FILE = "ScrollViewChange-PoC/Info.plist";
				IPHONEOS_DEPLOYMENT_TARGET = 8.1;
				LD_RUNPATH_SEARCH_PATHS = "$(inherited) @executable_path/Frameworks";
				PRODUCT_BUNDLE_IDENTIFIER = "com.niennonno.PoC.ScrollViewChange-PoC";
				PRODUCT_NAME = "$(TARGET_NAME)";
				PROVISIONING_PROFILE_SPECIFIER = "";
				SWIFT_VERSION = 4.0;
				TARGETED_DEVICE_FAMILY = "1,2";
			};
			name = Debug;
		};
		D3028C901FFE48DE000F6263 /* Release */ = {
			isa = XCBuildConfiguration;
			buildSettings = {
				ASSETCATALOG_COMPILER_APPICON_NAME = AppIcon;
				"CODE_SIGN_IDENTITY[sdk=iphoneos*]" = "iPhone Developer";
				CODE_SIGN_STYLE = Automatic;
				DEVELOPMENT_TEAM = 526ZQGMLUA;
				INFOPLIST_FILE = "ScrollViewChange-PoC/Info.plist";
				IPHONEOS_DEPLOYMENT_TARGET = 8.1;
				LD_RUNPATH_SEARCH_PATHS = "$(inherited) @executable_path/Frameworks";
				PRODUCT_BUNDLE_IDENTIFIER = "com.niennonno.PoC.ScrollViewChange-PoC";
				PRODUCT_NAME = "$(TARGET_NAME)";
				PROVISIONING_PROFILE_SPECIFIER = "";
				SWIFT_VERSION = 4.0;
				TARGETED_DEVICE_FAMILY = "1,2";
			};
			name = Release;
		};
/* End XCBuildConfiguration section */

/* Begin XCConfigurationList section */
		D3028C771FFE48DE000F6263 /* Build configuration list for PBXProject "ScrollViewChange-PoC" */ = {
			isa = XCConfigurationList;
			buildConfigurations = (
				D3028C8C1FFE48DE000F6263 /* Debug */,
				D3028C8D1FFE48DE000F6263 /* Release */,
			);
			defaultConfigurationIsVisible = 0;
			defaultConfigurationName = Release;
		};
		D3028C8E1FFE48DE000F6263 /* Build configuration list for PBXNativeTarget "ScrollViewChange-PoC" */ = {
			isa = XCConfigurationList;
			buildConfigurations = (
				D3028C8F1FFE48DE000F6263 /* Debug */,
				D3028C901FFE48DE000F6263 /* Release */,
			);
			defaultConfigurationIsVisible = 0;
			defaultConfigurationName = Release;
		};
/* End XCConfigurationList section */
	};
	rootObject = D3028C741FFE48DE000F6263 /* Project object */;
}
